
Microsoft Visual Studio Solution File, Format Version 12.00
# Visual Studio Version 17
VisualStudioVersion = 17.9.34728.123
MinimumVisualStudioVersion = 10.0.40219.1
Project("{FAE04EC0-301F-11D3-BF4B-00C04F79EFBC}") = "Zapper_Q_2_1", "..\Zapper_Q_2_1\Zapper_Q_2_1.csproj", "{7E435FD7-2EE2-43B4-9264-3691D8367A11}"
EndProject
Project("{FAE04EC0-301F-11D3-BF4B-00C04F79EFBC}") = "Zapper_Q_2_2", "..\Zapper_Q_2_2\Zapper_Q_2_2.csproj", "{AC4967B6-3214-4C2D-B023-182319319B31}"
EndProject
Project("{2150E333-8FDC-42A3-9474-1A3956D46DE8}") = "Solution Items", "Solution Items", "{B1F712FD-6646-4D7A-B43B-78B2C95BFABD}"
	ProjectSection(SolutionItems) = preProject
		Zapper_Q_1.sql = Zapper_Q_1.sql
	EndProjectSection
EndProject
Global
	GlobalSection(SolutionConfigurationPlatforms) = preSolution
		Debug|Any CPU = Debug|Any CPU
		Release|Any CPU = Release|Any CPU
	EndGlobalSection
	GlobalSection(ProjectConfigurationPlatforms) = postSolution
		{7E435FD7-2EE2-43B4-9264-3691D8367A11}.Debug|Any CPU.ActiveCfg = Debug|Any CPU
		{7E435FD7-2EE2-43B4-9264-3691D8367A11}.Debug|Any CPU.Build.0 = Debug|Any CPU
		{7E435FD7-2EE2-43B4-9264-3691D8367A11}.Release|Any CPU.ActiveCfg = Release|Any CPU
		{7E435FD7-2EE2-43B4-9264-3691D8367A11}.Release|Any CPU.Build.0 = Release|Any CPU
		{AC4967B6-3214-4C2D-B023-182319319B31}.Debug|Any CPU.ActiveCfg = Debug|Any CPU
		{AC4967B6-3214-4C2D-B023-182319319B31}.Debug|Any CPU.Build.0 = Debug|Any CPU
		{AC4967B6-3214-4C2D-B023-182319319B31}.Release|Any CPU.ActiveCfg = Release|Any CPU
		{AC4967B6-3214-4C2D-B023-182319319B31}.Release|Any CPU.Build.0 = Release|Any CPU
	EndGlobalSection
	GlobalSection(SolutionProperties) = preSolution
		HideSolutionNode = FALSE
	EndGlobalSection
	GlobalSection(ExtensibilityGlobals) = postSolution
		SolutionGuid = {5FA0211D-BEA2-4C28-B15D-3D094DCB87F5}
	EndGlobalSection
EndGlobal
